
Microsoft Visual Studio Solution File, Format Version 12.00
# Visual Studio 14
VisualStudioVersion = 14.0.24720.0
MinimumVisualStudioVersion = 10.0.40219.1
Project("{FAE04EC0-301F-11D3-BF4B-00C04F79EFBC}") = "Ultima3CharacterEditor", "Ultima3CharacterEditor\Ultima3CharacterEditor.csproj", "{F8687A5B-6A2B-42D7-AF4A-FE19DCCD8C2F}"
EndProject
Global
	GlobalSection(SolutionConfigurationPlatforms) = preSolution
		Debug|Any CPU = Debug|Any CPU
		Release|Any CPU = Release|Any CPU
	EndGlobalSection
	GlobalSection(ProjectConfigurationPlatforms) = postSolution
		{F8687A5B-6A2B-42D7-AF4A-FE19DCCD8C2F}.Debug|Any CPU.ActiveCfg = Debug|Any CPU
		{F8687A5B-6A2B-42D7-AF4A-FE19DCCD8C2F}.Debug|Any CPU.Build.0 = Debug|Any CPU
		{F8687A5B-6A2B-42D7-AF4A-FE19DCCD8C2F}.Release|Any CPU.ActiveCfg = Release|Any CPU
		{F8687A5B-6A2B-42D7-AF4A-FE19DCCD8C2F}.Release|Any CPU.Build.0 = Release|Any CPU
	EndGlobalSection
	GlobalSection(SolutionProperties) = preSolution
		HideSolutionNode = FALSE
	EndGlobalSection
EndGlobal
